// !$*UTF8*$!
{
	archiveVersion = 1;
	classes = {
	};
	objectVersion = 50;
	objects = {

/* Begin PBXBuildFile section */
		8E00D16B2126B5F600AA4286 /* AppDelegate.swift in Sources */ = {isa = PBXBuildFile; fileRef = 8E00D16A2126B5F600AA4286 /* AppDelegate.swift */; };
		8E00D16D2126B5F600AA4286 /* AlertViewController.swift in Sources */ = {isa = PBXBuildFile; fileRef = 8E00D16C2126B5F600AA4286 /* AlertViewController.swift */; };
		8E00D1702126B5F600AA4286 /* Main.storyboard in Resources */ = {isa = PBXBuildFile; fileRef = 8E00D16E2126B5F600AA4286 /* Main.storyboard */; };
		8E00D1722126B5F800AA4286 /* Assets.xcassets in Resources */ = {isa = PBXBuildFile; fileRef = 8E00D1712126B5F800AA4286 /* Assets.xcassets */; };
		8E00D1752126B5F800AA4286 /* LaunchScreen.storyboard in Resources */ = {isa = PBXBuildFile; fileRef = 8E00D1732126B5F800AA4286 /* LaunchScreen.storyboard */; };
		8E00D1802126B5F800AA4286 /* ETDialogViewControllerExampleTests.swift in Sources */ = {isa = PBXBuildFile; fileRef = 8E00D17F2126B5F800AA4286 /* ETDialogViewControllerExampleTests.swift */; };
		8E00D1952126B61400AA4286 /* ETDialogViewController.framework in Frameworks */ = {isa = PBXBuildFile; fileRef = 8E00D1942126B61400AA4286 /* ETDialogViewController.framework */; };
		8EC7B6F62126C451000AB650 /* HomeViewController.swift in Sources */ = {isa = PBXBuildFile; fileRef = 8EC7B6F52126C451000AB650 /* HomeViewController.swift */; };
/* End PBXBuildFile section */

/* Begin PBXContainerItemProxy section */
		8E00D17C2126B5F800AA4286 /* PBXContainerItemProxy */ = {
			isa = PBXContainerItemProxy;
			containerPortal = 8E00D15F2126B5F600AA4286 /* Project object */;
			proxyType = 1;
			remoteGlobalIDString = 8E00D1662126B5F600AA4286;
			remoteInfo = ETDialogViewControllerExample;
		};
/* End PBXContainerItemProxy section */

/* Begin PBXFileReference section */
		8E00D1672126B5F600AA4286 /* ETDialogViewControllerExample.app */ = {isa = PBXFileReference; explicitFileType = wrapper.application; includeInIndex = 0; path = ETDialogViewControllerExample.app; sourceTree = BUILT_PRODUCTS_DIR; };
		8E00D16A2126B5F600AA4286 /* AppDelegate.swift */ = {isa = PBXFileReference; lastKnownFileType = sourcecode.swift; path = AppDelegate.swift; sourceTree = "<group>"; };
		8E00D16C2126B5F600AA4286 /* AlertViewController.swift */ = {isa = PBXFileReference; lastKnownFileType = sourcecode.swift; path = AlertViewController.swift; sourceTree = "<group>"; };
		8E00D16F2126B5F600AA4286 /* Base */ = {isa = PBXFileReference; lastKnownFileType = file.storyboard; name = Base; path = Base.lproj/Main.storyboard; sourceTree = "<group>"; };
		8E00D1712126B5F800AA4286 /* Assets.xcassets */ = {isa = PBXFileReference; lastKnownFileType = folder.assetcatalog; path = Assets.xcassets; sourceTree = "<group>"; };
		8E00D1742126B5F800AA4286 /* Base */ = {isa = PBXFileReference; lastKnownFileType = file.storyboard; name = Base; path = Base.lproj/LaunchScreen.storyboard; sourceTree = "<group>"; };
		8E00D1762126B5F800AA4286 /* Info.plist */ = {isa = PBXFileReference; lastKnownFileType = text.plist.xml; path = Info.plist; sourceTree = "<group>"; };
		8E00D17B2126B5F800AA4286 /* ETDialogViewControllerExampleTests.xctest */ = {isa = PBXFileReference; explicitFileType = wrapper.cfbundle; includeInIndex = 0; path = ETDialogViewControllerExampleTests.xctest; sourceTree = BUILT_PRODUCTS_DIR; };
		8E00D17F2126B5F800AA4286 /* ETDialogViewControllerExampleTests.swift */ = {isa = PBXFileReference; lastKnownFileType = sourcecode.swift; path = ETDialogViewControllerExampleTests.swift; sourceTree = "<group>"; };
		8E00D1812126B5F800AA4286 /* Info.plist */ = {isa = PBXFileReference; lastKnownFileType = text.plist.xml; path = Info.plist; sourceTree = "<group>"; };
		8E00D1942126B61400AA4286 /* ETDialogViewController.framework */ = {isa = PBXFileReference; explicitFileType = wrapper.framework; path = ETDialogViewController.framework; sourceTree = BUILT_PRODUCTS_DIR; };
		8EC7B6F52126C451000AB650 /* HomeViewController.swift */ = {isa = PBXFileReference; lastKnownFileType = sourcecode.swift; path = HomeViewController.swift; sourceTree = "<group>"; };
/* End PBXFileReference section */

/* Begin PBXFrameworksBuildPhase section */
		8E00D1642126B5F600AA4286 /* Frameworks */ = {
			isa = PBXFrameworksBuildPhase;
			buildActionMask = 2147483647;
			files = (
				8E00D1952126B61400AA4286 /* ETDialogViewController.framework in Frameworks */,
			);
			runOnlyForDeploymentPostprocessing = 0;
		};
		8E00D1782126B5F800AA4286 /* Frameworks */ = {
			isa = PBXFrameworksBuildPhase;
			buildActionMask = 2147483647;
			files = (
			);
			runOnlyForDeploymentPostprocessing = 0;
		};
/* End PBXFrameworksBuildPhase section */

/* Begin PBXGroup section */
		8E00D15E2126B5F600AA4286 = {
			isa = PBXGroup;
			children = (
				8E00D1692126B5F600AA4286 /* ETDialogViewControllerExample */,
				8E00D17E2126B5F800AA4286 /* ETDialogViewControllerExampleTests */,
				8E00D1682126B5F600AA4286 /* Products */,
				8E00D1932126B61400AA4286 /* Frameworks */,
			);
			sourceTree = "<group>";
		};
		8E00D1682126B5F600AA4286 /* Products */ = {
			isa = PBXGroup;
			children = (
				8E00D1672126B5F600AA4286 /* ETDialogViewControllerExample.app */,
				8E00D17B2126B5F800AA4286 /* ETDialogViewControllerExampleTests.xctest */,
			);
			name = Products;
			sourceTree = "<group>";
		};
		8E00D1692126B5F600AA4286 /* ETDialogViewControllerExample */ = {
			isa = PBXGroup;
			children = (
				8E00D16A2126B5F600AA4286 /* AppDelegate.swift */,
				8EC7B6F52126C451000AB650 /* HomeViewController.swift */,
				8E00D16C2126B5F600AA4286 /* AlertViewController.swift */,
				8E00D16E2126B5F600AA4286 /* Main.storyboard */,
				8E00D1712126B5F800AA4286 /* Assets.xcassets */,
				8E00D1732126B5F800AA4286 /* LaunchScreen.storyboard */,
				8E00D1762126B5F800AA4286 /* Info.plist */,
			);
			path = ETDialogViewControllerExample;
			sourceTree = "<group>";
		};
		8E00D17E2126B5F800AA4286 /* ETDialogViewControllerExampleTests */ = {
			isa = PBXGroup;
			children = (
				8E00D17F2126B5F800AA4286 /* ETDialogViewControllerExampleTests.swift */,
				8E00D1812126B5F800AA4286 /* Info.plist */,
			);
			path = ETDialogViewControllerExampleTests;
			sourceTree = "<group>";
		};
		8E00D1932126B61400AA4286 /* Frameworks */ = {
			isa = PBXGroup;
			children = (
				8E00D1942126B61400AA4286 /* ETDialogViewController.framework */,
			);
			name = Frameworks;
			sourceTree = "<group>";
		};
/* End PBXGroup section */

/* Begin PBXNativeTarget section */
		8E00D1662126B5F600AA4286 /* ETDialogViewControllerExample */ = {
			isa = PBXNativeTarget;
			buildConfigurationList = 8E00D1842126B5F800AA4286 /* Build configuration list for PBXNativeTarget "ETDialogViewControllerExample" */;
			buildPhases = (
				8E00D1632126B5F600AA4286 /* Sources */,
				8E00D1642126B5F600AA4286 /* Frameworks */,
				8E00D1652126B5F600AA4286 /* Resources */,
			);
			buildRules = (
			);
			dependencies = (
			);
			name = ETDialogViewControllerExample;
			productName = ETDialogViewControllerExample;
			productReference = 8E00D1672126B5F600AA4286 /* ETDialogViewControllerExample.app */;
			productType = "com.apple.product-type.application";
		};
		8E00D17A2126B5F800AA4286 /* ETDialogViewControllerExampleTests */ = {
			isa = PBXNativeTarget;
			buildConfigurationList = 8E00D1872126B5F800AA4286 /* Build configuration list for PBXNativeTarget "ETDialogViewControllerExampleTests" */;
			buildPhases = (
				8E00D1772126B5F800AA4286 /* Sources */,
				8E00D1782126B5F800AA4286 /* Frameworks */,
				8E00D1792126B5F800AA4286 /* Resources */,
			);
			buildRules = (
			);
			dependencies = (
				8E00D17D2126B5F800AA4286 /* PBXTargetDependency */,
			);
			name = ETDialogViewControllerExampleTests;
			productName = ETDialogViewControllerExampleTests;
			productReference = 8E00D17B2126B5F800AA4286 /* ETDialogViewControllerExampleTests.xctest */;
			productType = "com.apple.product-type.bundle.unit-test";
		};
/* End PBXNativeTarget section */

/* Begin PBXProject section */
		8E00D15F2126B5F600AA4286 /* Project object */ = {
			isa = PBXProject;
			attributes = {
				LastSwiftUpdateCheck = 0940;
				LastUpgradeCheck = 0940;
				ORGANIZATIONNAME = Beles;
				TargetAttributes = {
					8E00D1662126B5F600AA4286 = {
						CreatedOnToolsVersion = 9.4.1;
					};
					8E00D17A2126B5F800AA4286 = {
						CreatedOnToolsVersion = 9.4.1;
						TestTargetID = 8E00D1662126B5F600AA4286;
					};
				};
			};
			buildConfigurationList = 8E00D1622126B5F600AA4286 /* Build configuration list for PBXProject "ETDialogViewControllerExample" */;
			compatibilityVersion = "Xcode 9.3";
			developmentRegion = en;
			hasScannedForEncodings = 0;
			knownRegions = (
				en,
				Base,
			);
			mainGroup = 8E00D15E2126B5F600AA4286;
			productRefGroup = 8E00D1682126B5F600AA4286 /* Products */;
			projectDirPath = "";
			projectRoot = "";
			targets = (
				8E00D1662126B5F600AA4286 /* ETDialogViewControllerExample */,
				8E00D17A2126B5F800AA4286 /* ETDialogViewControllerExampleTests */,
			);
		};
/* End PBXProject section */

/* Begin PBXResourcesBuildPhase section */
		8E00D1652126B5F600AA4286 /* Resources */ = {
			isa = PBXResourcesBuildPhase;
			buildActionMask = 2147483647;
			files = (
				8E00D1752126B5F800AA4286 /* LaunchScreen.storyboard in Resources */,
				8E00D1722126B5F800AA4286 /* Assets.xcassets in Resources */,
				8E00D1702126B5F600AA4286 /* Main.storyboard in Resources */,
			);
			runOnlyForDeploymentPostprocessing = 0;
		};
		8E00D1792126B5F800AA4286 /* Resources */ = {
			isa = PBXResourcesBuildPhase;
			buildActionMask = 2147483647;
			files = (
			);
			runOnlyForDeploymentPostprocessing = 0;
		};
/* End PBXResourcesBuildPhase section */

/* Begin PBXSourcesBuildPhase section */
		8E00D1632126B5F600AA4286 /* Sources */ = {
			isa = PBXSourcesBuildPhase;
			buildActionMask = 2147483647;
			files = (
				8E00D16D2126B5F600AA4286 /* AlertViewController.swift in Sources */,
				8E00D16B2126B5F600AA4286 /* AppDelegate.swift in Sources */,
				8EC7B6F62126C451000AB650 /* HomeViewController.swift in Sources */,
			);
			runOnlyForDeploymentPostprocessing = 0;
		};
		8E00D1772126B5F800AA4286 /* Sources */ = {
			isa = PBXSourcesBuildPhase;
			buildActionMask = 2147483647;
			files = (
				8E00D1802126B5F800AA4286 /* ETDialogViewControllerExampleTests.swift in Sources */,
			);
			runOnlyForDeploymentPostprocessing = 0;
		};
/* End PBXSourcesBuildPhase section */

/* Begin PBXTargetDependency section */
		8E00D17D2126B5F800AA4286 /* PBXTargetDependency */ = {
			isa = PBXTargetDependency;
			target = 8E00D1662126B5F600AA4286 /* ETDialogViewControllerExample */;
			targetProxy = 8E00D17C2126B5F800AA4286 /* PBXContainerItemProxy */;
		};
/* End PBXTargetDependency section */

/* Begin PBXVariantGroup section */
		8E00D16E2126B5F600AA4286 /* Main.storyboard */ = {
			isa = PBXVariantGroup;
			children = (
				8E00D16F2126B5F600AA4286 /* Base */,
			);
			name = Main.storyboard;
			sourceTree = "<group>";
		};
		8E00D1732126B5F800AA4286 /* LaunchScreen.storyboard */ = {
			isa = PBXVariantGroup;
			children = (
				8E00D1742126B5F800AA4286 /* Base */,
			);
			name = LaunchScreen.storyboard;
			sourceTree = "<group>";
		};
/* End PBXVariantGroup section */

/* Begin XCBuildConfiguration section */
		8E00D1822126B5F800AA4286 /* Debug */ = {
			isa = XCBuildConfiguration;
			buildSettings = {
				ALWAYS_SEARCH_USER_PATHS = NO;
				CLANG_ANALYZER_NONNULL = YES;
				CLANG_ANALYZER_NUMBER_OBJECT_CONVERSION = YES_AGGRESSIVE;
				CLANG_CXX_LANGUAGE_STANDARD = "gnu++14";
				CLANG_CXX_LIBRARY = "libc++";
				CLANG_ENABLE_MODULES = YES;
				CLANG_ENABLE_OBJC_ARC = YES;
				CLANG_ENABLE_OBJC_WEAK = YES;
				CLANG_WARN_BLOCK_CAPTURE_AUTORELEASING = YES;
				CLANG_WARN_BOOL_CONVERSION = YES;
				CLANG_WARN_COMMA = YES;
				CLANG_WARN_CONSTANT_CONVERSION = YES;
				CLANG_WARN_DEPRECATED_OBJC_IMPLEMENTATIONS = YES;
				CLANG_WARN_DIRECT_OBJC_ISA_USAGE = YES_ERROR;
				CLANG_WARN_DOCUMENTATION_COMMENTS = YES;
				CLANG_WARN_EMPTY_BODY = YES;
				CLANG_WARN_ENUM_CONVERSION = YES;
				CLANG_WARN_INFINITE_RECURSION = YES;
				CLANG_WARN_INT_CONVERSION = YES;
				CLANG_WARN_NON_LITERAL_NULL_CONVERSION = YES;
				CLANG_WARN_OBJC_IMPLICIT_RETAIN_SELF = YES;
				CLANG_WARN_OBJC_LITERAL_CONVERSION = YES;
				CLANG_WARN_OBJC_ROOT_CLASS = YES_ERROR;
				CLANG_WARN_RANGE_LOOP_ANALYSIS = YES;
				CLANG_WARN_STRICT_PROTOTYPES = YES;
				CLANG_WARN_SUSPICIOUS_MOVE = YES;
				CLANG_WARN_UNGUARDED_AVAILABILITY = YES_AGGRESSIVE;
				CLANG_WARN_UNREACHABLE_CODE = YES;
				CLANG_WARN__DUPLICATE_METHOD_MATCH = YES;
				CODE_SIGN_IDENTITY = "iPhone Developer";
				COPY_PHASE_STRIP = NO;
				DEBUG_INFORMATION_FORMAT = dwarf;
				ENABLE_STRICT_OBJC_MSGSEND = YES;
				ENABLE_TESTABILITY = YES;
				GCC_C_LANGUAGE_STANDARD = gnu11;
				GCC_DYNAMIC_NO_PIC = NO;
				GCC_NO_COMMON_BLOCKS = YES;
				GCC_OPTIMIZATION_LEVEL = 0;
				GCC_PREPROCESSOR_DEFINITIONS = (
					"DEBUG=1",
					"$(inherited)",
				);
				GCC_WARN_64_TO_32_BIT_CONVERSION = YES;
				GCC_WARN_ABOUT_RETURN_TYPE = YES_ERROR;
				GCC_WARN_UNDECLARED_SELECTOR = YES;
				GCC_WARN_UNINITIALIZED_AUTOS = YES_AGGRESSIVE;
				GCC_WARN_UNUSED_FUNCTION = YES;
				GCC_WARN_UNUSED_VARIABLE = YES;
				IPHONEOS_DEPLOYMENT_TARGET = 11.4;
				MTL_ENABLE_DEBUG_INFO = YES;
				ONLY_ACTIVE_ARCH = YES;
				SDKROOT = iphoneos;
				SWIFT_ACTIVE_COMPILATION_CONDITIONS = DEBUG;
				SWIFT_OPTIMIZATION_LEVEL = "-Onone";
			};
			name = Debug;
		};
		8E00D1832126B5F800AA4286 /* Release */ = {
			isa = XCBuildConfiguration;
			buildSettings = {
				ALWAYS_SEARCH_USER_PATHS = NO;
				CLANG_ANALYZER_NONNULL = YES;
				CLANG_ANALYZER_NUMBER_OBJECT_CONVERSION = YES_AGGRESSIVE;
				CLANG_CXX_LANGUAGE_STANDARD = "gnu++14";
				CLANG_CXX_LIBRARY = "libc++";
				CLANG_ENABLE_MODULES = YES;
				CLANG_ENABLE_OBJC_ARC = YES;
				CLANG_ENABLE_OBJC_WEAK = YES;
				CLANG_WARN_BLOCK_CAPTURE_AUTORELEASING = YES;
				CLANG_WARN_BOOL_CONVERSION = YES;
				CLANG_WARN_COMMA = YES;
				CLANG_WARN_CONSTANT_CONVERSION = YES;
				CLANG_WARN_DEPRECATED_OBJC_IMPLEMENTATIONS = YES;
				CLANG_WARN_DIRECT_OBJC_ISA_USAGE = YES_ERROR;
				CLANG_WARN_DOCUMENTATION_COMMENTS = YES;
				CLANG_WARN_EMPTY_BODY = YES;
				CLANG_WARN_ENUM_CONVERSION = YES;
				CLANG_WARN_INFINITE_RECURSION = YES;
				CLANG_WARN_INT_CONVERSION = YES;
				CLANG_WARN_NON_LITERAL_NULL_CONVERSION = YES;
				CLANG_WARN_OBJC_IMPLICIT_RETAIN_SELF = YES;
				CLANG_WARN_OBJC_LITERAL_CONVERSION = YES;
				CLANG_WARN_OBJC_ROOT_CLASS = YES_ERROR;
				CLANG_WARN_RANGE_LOOP_ANALYSIS = YES;
				CLANG_WARN_STRICT_PROTOTYPES = YES;
				CLANG_WARN_SUSPICIOUS_MOVE = YES;
				CLANG_WARN_UNGUARDED_AVAILABILITY = YES_AGGRESSIVE;
				CLANG_WARN_UNREACHABLE_CODE = YES;
				CLANG_WARN__DUPLICATE_METHOD_MATCH = YES;
				CODE_SIGN_IDENTITY = "iPhone Developer";
				COPY_PHASE_STRIP = NO;
				DEBUG_INFORMATION_FORMAT = "dwarf-with-dsym";
				ENABLE_NS_ASSERTIONS = NO;
				ENABLE_STRICT_OBJC_MSGSEND = YES;
				GCC_C_LANGUAGE_STANDARD = gnu11;
				GCC_NO_COMMON_BLOCKS = YES;
				GCC_WARN_64_TO_32_BIT_CONVERSION = YES;
				GCC_WARN_ABOUT_RETURN_TYPE = YES_ERROR;
				GCC_WARN_UNDECLARED_SELECTOR = YES;
				GCC_WARN_UNINITIALIZED_AUTOS = YES_AGGRESSIVE;
				GCC_WARN_UNUSED_FUNCTION = YES;
				GCC_WARN_UNUSED_VARIABLE = YES;
				IPHONEOS_DEPLOYMENT_TARGET = 11.4;
				MTL_ENABLE_DEBUG_INFO = NO;
				SDKROOT = iphoneos;
				SWIFT_COMPILATION_MODE = wholemodule;
				SWIFT_OPTIMIZATION_LEVEL = "-O";
				VALIDATE_PRODUCT = YES;
			};
			name = Release;
		};
		8E00D1852126B5F800AA4286 /* Debug */ = {
			isa = XCBuildConfiguration;
			buildSettings = {
				ASSETCATALOG_COMPILER_APPICON_NAME = AppIcon;
				CODE_SIGN_STYLE = Automatic;
				DEVELOPMENT_TEAM = JGV3Q4PC7B;
				INFOPLIST_FILE = ETDialogViewControllerExample/Info.plist;
				LD_RUNPATH_SEARCH_PATHS = (
					"$(inherited)",
					"@executable_path/Frameworks",
				);
				PRODUCT_BUNDLE_IDENTIFIER = cz.etnetera.ETDialogViewControllerExample;
				PRODUCT_NAME = "$(TARGET_NAME)";
				SWIFT_VERSION = 4.0;
				TARGETED_DEVICE_FAMILY = "1,2";
			};
			name = Debug;
		};
		8E00D1862126B5F800AA4286 /* Release */ = {
			isa = XCBuildConfiguration;
			buildSettings = {
				ASSETCATALOG_COMPILER_APPICON_NAME = AppIcon;
				CODE_SIGN_STYLE = Automatic;
				DEVELOPMENT_TEAM = JGV3Q4PC7B;
				INFOPLIST_FILE = ETDialogViewControllerExample/Info.plist;
				LD_RUNPATH_SEARCH_PATHS = (
					"$(inherited)",
					"@executable_path/Frameworks",
				);
				PRODUCT_BUNDLE_IDENTIFIER = cz.etnetera.ETDialogViewControllerExample;
				PRODUCT_NAME = "$(TARGET_NAME)";
				SWIFT_VERSION = 4.0;
				TARGETED_DEVICE_FAMILY = "1,2";
			};
			name = Release;
		};
		8E00D1882126B5F800AA4286 /* Debug */ = {
			isa = XCBuildConfiguration;
			buildSettings = {
				ALWAYS_EMBED_SWIFT_STANDARD_LIBRARIES = YES;
				BUNDLE_LOADER = "$(TEST_HOST)";
				CODE_SIGN_STYLE = Automatic;
				INFOPLIST_FILE = ETDialogViewControllerExampleTests/Info.plist;
				LD_RUNPATH_SEARCH_PATHS = (
					"$(inherited)",
					"@executable_path/Frameworks",
					"@loader_path/Frameworks",
				);
				PRODUCT_BUNDLE_IDENTIFIER = cz.etnetera.ETDialogViewControllerExampleTests;
				PRODUCT_NAME = "$(TARGET_NAME)";
				SWIFT_VERSION = 4.0;
				TARGETED_DEVICE_FAMILY = "1,2";
				TEST_HOST = "$(BUILT_PRODUCTS_DIR)/ETDialogViewControllerExample.app/ETDialogViewControllerExample";
			};
			name = Debug;
		};
		8E00D1892126B5F800AA4286 /* Release */ = {
			isa = XCBuildConfiguration;
			buildSettings = {
				ALWAYS_EMBED_SWIFT_STANDARD_LIBRARIES = YES;
				BUNDLE_LOADER = "$(TEST_HOST)";
				CODE_SIGN_STYLE = Automatic;
				INFOPLIST_FILE = ETDialogViewControllerExampleTests/Info.plist;
				LD_RUNPATH_SEARCH_PATHS = (
					"$(inherited)",
					"@executable_path/Frameworks",
					"@loader_path/Frameworks",
				);
				PRODUCT_BUNDLE_IDENTIFIER = cz.etnetera.ETDialogViewControllerExampleTests;
				PRODUCT_NAME = "$(TARGET_NAME)";
				SWIFT_VERSION = 4.0;
				TARGETED_DEVICE_FAMILY = "1,2";
				TEST_HOST = "$(BUILT_PRODUCTS_DIR)/ETDialogViewControllerExample.app/ETDialogViewControllerExample";
			};
			name = Release;
		};
/* End XCBuildConfiguration section */

/* Begin XCConfigurationList section */
		8E00D1622126B5F600AA4286 /* Build configuration list for PBXProject "ETDialogViewControllerExample" */ = {
			isa = XCConfigurationList;
			buildConfigurations = (
				8E00D1822126B5F800AA4286 /* Debug */,
				8E00D1832126B5F800AA4286 /* Release */,
			);
			defaultConfigurationIsVisible = 0;
			defaultConfigurationName = Release;
		};
		8E00D1842126B5F800AA4286 /* Build configuration list for PBXNativeTarget "ETDialogViewControllerExample" */ = {
			isa = XCConfigurationList;
			buildConfigurations = (
				8E00D1852126B5F800AA4286 /* Debug */,
				8E00D1862126B5F800AA4286 /* Release */,
			);
			defaultConfigurationIsVisible = 0;
			defaultConfigurationName = Release;
		};
		8E00D1872126B5F800AA4286 /* Build configuration list for PBXNativeTarget "ETDialogViewControllerExampleTests" */ = {
			isa = XCConfigurationList;
			buildConfigurations = (
				8E00D1882126B5F800AA4286 /* Debug */,
				8E00D1892126B5F800AA4286 /* Release */,
			);
			defaultConfigurationIsVisible = 0;
			defaultConfigurationName = Release;
		};
/* End XCConfigurationList section */
	};
	rootObject = 8E00D15F2126B5F600AA4286 /* Project object */;
}
